
Microsoft Visual Studio Solution File, Format Version 12.00
# Visual Studio Version 17
VisualStudioVersion = 17.8.34330.188
MinimumVisualStudioVersion = 10.0.40219.1
Project("{FAE04EC0-301F-11D3-BF4B-00C04F79EFBC}") = "BookStoreApp.API", "BookStoreApp.API\BookStoreApp.API.csproj", "{BEAD0568-7AC6-47F4-99D8-3A96F2D196F7}"
EndProject
Global
	GlobalSection(SolutionConfigurationPlatforms) = preSolution
		Debug|Any CPU = Debug|Any CPU
		Release|Any CPU = Release|Any CPU
	EndGlobalSection
	GlobalSection(ProjectConfigurationPlatforms) = postSolution
		{BEAD0568-7AC6-47F4-99D8-3A96F2D196F7}.Debug|Any CPU.ActiveCfg = Debug|Any CPU
		{BEAD0568-7AC6-47F4-99D8-3A96F2D196F7}.Debug|Any CPU.Build.0 = Debug|Any CPU
		{BEAD0568-7AC6-47F4-99D8-3A96F2D196F7}.Release|Any CPU.ActiveCfg = Release|Any CPU
		{BEAD0568-7AC6-47F4-99D8-3A96F2D196F7}.Release|Any CPU.Build.0 = Release|Any CPU
	EndGlobalSection
	GlobalSection(SolutionProperties) = preSolution
		HideSolutionNode = FALSE
	EndGlobalSection
	GlobalSection(ExtensibilityGlobals) = postSolution
		SolutionGuid = {73CB3E0A-757A-461C-B074-4710E7213E88}
	EndGlobalSection
EndGlobal
